{
  "name": "html-to-figma-plugin",
  "version": "1.0.0",
  "lockfileVersion": 3,
  "requires": true,
  "packages": {
    "": {
      "name": "html-to-figma-plugin",
      "version": "1.0.0",
      "devDependencies": {
        "@figma/plugin-typings": "^1.107.0-beta.2",
        "typescript": "latest"
      }
    },
    "node_modules/@figma/plugin-typings": {
      "version": "1.107.0-beta.2",
      "resolved": "https://registry.npmjs.org/@figma/plugin-typings/-/plugin-typings-1.107.0-beta.2.tgz",
      "integrity": "sha512-EFTasm6l3p4QtmnUgCGb0Neeczizk62CqTSNcVh9vYybpctY65kO1w/Da0yuT/WfrdrxD9QZjO8i/ePcZIrqzw==",
      "dev": true
    },
    "node_modules/typescript": {
      "version": "5.7.3",
      "resolved": "https://registry.npmjs.org/typescript/-/typescript-5.7.3.tgz",
      "integrity": "sha512-84MVSjMEHP+FQRPy3pX9sTVV/INIex71s9TL2Gm5FG/WG1SqXeKyZ0k7/blY/4FdOzI12CBy1vGc4og/eus0fw==",
      "dev": true,
      "bin": {
        "tsc": "bin/tsc",
        "tsserver": "bin/tsserver"
      },
      "engines": {
        "node": ">=14.17"
      }
    }
  }
}
